// !$*UTF8*$!
{
	archiveVersion = 1;
	classes = {
	};
	objectVersion = 46;
	objects = {

/* Begin PBXBuildFile section */
		BD02DA701D24B7B400F52FB7 /* DetailTableViewController.swift in Sources */ = {isa = PBXBuildFile; fileRef = BD02DA6F1D24B7B400F52FB7 /* DetailTableViewController.swift */; };
		BD02DA721D24BAE000F52FB7 /* DetailTableViewCell.swift in Sources */ = {isa = PBXBuildFile; fileRef = BD02DA711D24BAE000F52FB7 /* DetailTableViewCell.swift */; };
		BD2B6CE41D2480D100D81B7C /* MuseumDetailViewController.swift in Sources */ = {isa = PBXBuildFile; fileRef = BD2B6CE31D2480D100D81B7C /* MuseumDetailViewController.swift */; };
		BD918D811D2431C500247385 /* AppDelegate.swift in Sources */ = {isa = PBXBuildFile; fileRef = BD918D801D2431C500247385 /* AppDelegate.swift */; };
		BD918D861D2431C500247385 /* Main.storyboard in Resources */ = {isa = PBXBuildFile; fileRef = BD918D841D2431C500247385 /* Main.storyboard */; };
		BD918D881D2431C500247385 /* Assets.xcassets in Resources */ = {isa = PBXBuildFile; fileRef = BD918D871D2431C500247385 /* Assets.xcassets */; };
		BD918D8B1D2431C500247385 /* LaunchScreen.storyboard in Resources */ = {isa = PBXBuildFile; fileRef = BD918D891D2431C500247385 /* LaunchScreen.storyboard */; };
		BD918D931D2431FA00247385 /* MuseumTableViewController.swift in Sources */ = {isa = PBXBuildFile; fileRef = BD918D921D2431FA00247385 /* MuseumTableViewController.swift */; };
		BD918D951D24324A00247385 /* CustomTableViewCell.swift in Sources */ = {isa = PBXBuildFile; fileRef = BD918D941D24324A00247385 /* CustomTableViewCell.swift */; };
		BDB2C5B21D24A92F0050C274 /* Museum.swift in Sources */ = {isa = PBXBuildFile; fileRef = BDB2C5B11D24A92F0050C274 /* Museum.swift */; };
/* End PBXBuildFile section */

/* Begin PBXFileReference section */
		BD02DA6F1D24B7B400F52FB7 /* DetailTableViewController.swift */ = {isa = PBXFileReference; fileEncoding = 4; lastKnownFileType = sourcecode.swift; path = DetailTableViewController.swift; sourceTree = "<group>"; };
		BD02DA711D24BAE000F52FB7 /* DetailTableViewCell.swift */ = {isa = PBXFileReference; fileEncoding = 4; lastKnownFileType = sourcecode.swift; path = DetailTableViewCell.swift; sourceTree = "<group>"; };
		BD2B6CE31D2480D100D81B7C /* MuseumDetailViewController.swift */ = {isa = PBXFileReference; fileEncoding = 4; lastKnownFileType = sourcecode.swift; name = MuseumDetailViewController.swift; path = ../MuseumDetailViewController.swift; sourceTree = "<group>"; };
		BD918D7D1D2431C500247385 /* NYCMuseum.app */ = {isa = PBXFileReference; explicitFileType = wrapper.application; includeInIndex = 0; path = NYCMuseum.app; sourceTree = BUILT_PRODUCTS_DIR; };
		BD918D801D2431C500247385 /* AppDelegate.swift */ = {isa = PBXFileReference; lastKnownFileType = sourcecode.swift; path = AppDelegate.swift; sourceTree = "<group>"; };
		BD918D851D2431C500247385 /* Base */ = {isa = PBXFileReference; lastKnownFileType = file.storyboard; name = Base; path = Base.lproj/Main.storyboard; sourceTree = "<group>"; };
		BD918D871D2431C500247385 /* Assets.xcassets */ = {isa = PBXFileReference; lastKnownFileType = folder.assetcatalog; path = Assets.xcassets; sourceTree = "<group>"; };
		BD918D8A1D2431C500247385 /* Base */ = {isa = PBXFileReference; lastKnownFileType = file.storyboard; name = Base; path = Base.lproj/LaunchScreen.storyboard; sourceTree = "<group>"; };
		BD918D8C1D2431C500247385 /* Info.plist */ = {isa = PBXFileReference; lastKnownFileType = text.plist.xml; path = Info.plist; sourceTree = "<group>"; };
		BD918D921D2431FA00247385 /* MuseumTableViewController.swift */ = {isa = PBXFileReference; fileEncoding = 4; lastKnownFileType = sourcecode.swift; path = MuseumTableViewController.swift; sourceTree = "<group>"; };
		BD918D941D24324A00247385 /* CustomTableViewCell.swift */ = {isa = PBXFileReference; fileEncoding = 4; lastKnownFileType = sourcecode.swift; path = CustomTableViewCell.swift; sourceTree = "<group>"; };
		BDB2C5B11D24A92F0050C274 /* Museum.swift */ = {isa = PBXFileReference; fileEncoding = 4; lastKnownFileType = sourcecode.swift; name = Museum.swift; path = ../Museum.swift; sourceTree = "<group>"; };
		BDB2C5B31D24A9E10050C274 /* Transform.playground */ = {isa = PBXFileReference; lastKnownFileType = file.playground; path = Transform.playground; sourceTree = "<group>"; };
/* End PBXFileReference section */

/* Begin PBXFrameworksBuildPhase section */
		BD918D7A1D2431C500247385 /* Frameworks */ = {
			isa = PBXFrameworksBuildPhase;
			buildActionMask = 2147483647;
			files = (
			);
			runOnlyForDeploymentPostprocessing = 0;
		};
/* End PBXFrameworksBuildPhase section */

/* Begin PBXGroup section */
		BD02DA6D1D24B76400F52FB7 /* Support Documents */ = {
			isa = PBXGroup;
			children = (
				BDB2C5B11D24A92F0050C274 /* Museum.swift */,
				BD918D891D2431C500247385 /* LaunchScreen.storyboard */,
				BD918D8C1D2431C500247385 /* Info.plist */,
			);
			name = "Support Documents";
			sourceTree = "<group>";
		};
		BD02DA6E1D24B78300F52FB7 /* None-use Controller */ = {
			isa = PBXGroup;
			children = (
				BD2B6CE31D2480D100D81B7C /* MuseumDetailViewController.swift */,
			);
			name = "None-use Controller";
			sourceTree = "<group>";
		};
		BD918D741D2431C500247385 = {
			isa = PBXGroup;
			children = (
				BD918D7F1D2431C500247385 /* NYCMuseum */,
				BD918D7E1D2431C500247385 /* Products */,
			);
			sourceTree = "<group>";
		};
		BD918D7E1D2431C500247385 /* Products */ = {
			isa = PBXGroup;
			children = (
				BD918D7D1D2431C500247385 /* NYCMuseum.app */,
			);
			name = Products;
			sourceTree = "<group>";
		};
		BD918D7F1D2431C500247385 /* NYCMuseum */ = {
			isa = PBXGroup;
			children = (
				BD02DA6E1D24B78300F52FB7 /* None-use Controller */,
				BD02DA6D1D24B76400F52FB7 /* Support Documents */,
				BD918D801D2431C500247385 /* AppDelegate.swift */,
				BD918D841D2431C500247385 /* Main.storyboard */,
				BD02DA711D24BAE000F52FB7 /* DetailTableViewCell.swift */,
				BD918D941D24324A00247385 /* CustomTableViewCell.swift */,
				BD918D921D2431FA00247385 /* MuseumTableViewController.swift */,
				BD02DA6F1D24B7B400F52FB7 /* DetailTableViewController.swift */,
				BD918D871D2431C500247385 /* Assets.xcassets */,
				BDB2C5B31D24A9E10050C274 /* Transform.playground */,
			);
			path = NYCMuseum;
			sourceTree = "<group>";
		};
/* End PBXGroup section */

/* Begin PBXNativeTarget section */
		BD918D7C1D2431C500247385 /* NYCMuseum */ = {
			isa = PBXNativeTarget;
			buildConfigurationList = BD918D8F1D2431C500247385 /* Build configuration list for PBXNativeTarget "NYCMuseum" */;
			buildPhases = (
				BD918D791D2431C500247385 /* Sources */,
				BD918D7A1D2431C500247385 /* Frameworks */,
				BD918D7B1D2431C500247385 /* Resources */,
			);
			buildRules = (
			);
			dependencies = (
			);
			name = NYCMuseum;
			productName = NYCMuseum;
			productReference = BD918D7D1D2431C500247385 /* NYCMuseum.app */;
			productType = "com.apple.product-type.application";
		};
/* End PBXNativeTarget section */

/* Begin PBXProject section */
		BD918D751D2431C500247385 /* Project object */ = {
			isa = PBXProject;
			attributes = {
				LastSwiftUpdateCheck = 0730;
				LastUpgradeCheck = 0730;
				ORGANIZATIONNAME = "Wei Xia";
				TargetAttributes = {
					BD918D7C1D2431C500247385 = {
						CreatedOnToolsVersion = 7.3.1;
						DevelopmentTeam = Q7W47GFKL3;
					};
				};
			};
			buildConfigurationList = BD918D781D2431C500247385 /* Build configuration list for PBXProject "NYCMuseum" */;
			compatibilityVersion = "Xcode 3.2";
			developmentRegion = English;
			hasScannedForEncodings = 0;
			knownRegions = (
				en,
				Base,
			);
			mainGroup = BD918D741D2431C500247385;
			productRefGroup = BD918D7E1D2431C500247385 /* Products */;
			projectDirPath = "";
			projectRoot = "";
			targets = (
				BD918D7C1D2431C500247385 /* NYCMuseum */,
			);
		};
/* End PBXProject section */

/* Begin PBXResourcesBuildPhase section */
		BD918D7B1D2431C500247385 /* Resources */ = {
			isa = PBXResourcesBuildPhase;
			buildActionMask = 2147483647;
			files = (
				BD918D8B1D2431C500247385 /* LaunchScreen.storyboard in Resources */,
				BD918D881D2431C500247385 /* Assets.xcassets in Resources */,
				BD918D861D2431C500247385 /* Main.storyboard in Resources */,
			);
			runOnlyForDeploymentPostprocessing = 0;
		};
/* End PBXResourcesBuildPhase section */

/* Begin PBXSourcesBuildPhase section */
		BD918D791D2431C500247385 /* Sources */ = {
			isa = PBXSourcesBuildPhase;
			buildActionMask = 2147483647;
			files = (
				BD02DA701D24B7B400F52FB7 /* DetailTableViewController.swift in Sources */,
				BD918D951D24324A00247385 /* CustomTableViewCell.swift in Sources */,
				BD02DA721D24BAE000F52FB7 /* DetailTableViewCell.swift in Sources */,
				BD918D811D2431C500247385 /* AppDelegate.swift in Sources */,
				BD2B6CE41D2480D100D81B7C /* MuseumDetailViewController.swift in Sources */,
				BD918D931D2431FA00247385 /* MuseumTableViewController.swift in Sources */,
				BDB2C5B21D24A92F0050C274 /* Museum.swift in Sources */,
			);
			runOnlyForDeploymentPostprocessing = 0;
		};
/* End PBXSourcesBuildPhase section */

/* Begin PBXVariantGroup section */
		BD918D841D2431C500247385 /* Main.storyboard */ = {
			isa = PBXVariantGroup;
			children = (
				BD918D851D2431C500247385 /* Base */,
			);
			name = Main.storyboard;
			sourceTree = "<group>";
		};
		BD918D891D2431C500247385 /* LaunchScreen.storyboard */ = {
			isa = PBXVariantGroup;
			children = (
				BD918D8A1D2431C500247385 /* Base */,
			);
			name = LaunchScreen.storyboard;
			sourceTree = "<group>";
		};
/* End PBXVariantGroup section */

/* Begin XCBuildConfiguration section */
		BD918D8D1D2431C500247385 /* Debug */ = {
			isa = XCBuildConfiguration;
			buildSettings = {
				ALWAYS_SEARCH_USER_PATHS = NO;
				CLANG_ANALYZER_NONNULL = YES;
				CLANG_CXX_LANGUAGE_STANDARD = "gnu++0x";
				CLANG_CXX_LIBRARY = "libc++";
				CLANG_ENABLE_MODULES = YES;
				CLANG_ENABLE_OBJC_ARC = YES;
				CLANG_WARN_BOOL_CONVERSION = YES;
				CLANG_WARN_CONSTANT_CONVERSION = YES;
				CLANG_WARN_DIRECT_OBJC_ISA_USAGE = YES_ERROR;
				CLANG_WARN_EMPTY_BODY = YES;
				CLANG_WARN_ENUM_CONVERSION = YES;
				CLANG_WARN_INT_CONVERSION = YES;
				CLANG_WARN_OBJC_ROOT_CLASS = YES_ERROR;
				CLANG_WARN_UNREACHABLE_CODE = YES;
				CLANG_WARN__DUPLICATE_METHOD_MATCH = YES;
				"CODE_SIGN_IDENTITY[sdk=iphoneos*]" = "iPhone Developer";
				COPY_PHASE_STRIP = NO;
				DEBUG_INFORMATION_FORMAT = dwarf;
				ENABLE_STRICT_OBJC_MSGSEND = YES;
				ENABLE_TESTABILITY = YES;
				GCC_C_LANGUAGE_STANDARD = gnu99;
				GCC_DYNAMIC_NO_PIC = NO;
				GCC_NO_COMMON_BLOCKS = YES;
				GCC_OPTIMIZATION_LEVEL = 0;
				GCC_PREPROCESSOR_DEFINITIONS = (
					"DEBUG=1",
					"$(inherited)",
				);
				GCC_WARN_64_TO_32_BIT_CONVERSION = YES;
				GCC_WARN_ABOUT_RETURN_TYPE = YES_ERROR;
				GCC_WARN_UNDECLARED_SELECTOR = YES;
				GCC_WARN_UNINITIALIZED_AUTOS = YES_AGGRESSIVE;
				GCC_WARN_UNUSED_FUNCTION = YES;
				GCC_WARN_UNUSED_VARIABLE = YES;
				IPHONEOS_DEPLOYMENT_TARGET = 9.3;
				MTL_ENABLE_DEBUG_INFO = YES;
				ONLY_ACTIVE_ARCH = YES;
				SDKROOT = iphoneos;
				SWIFT_OPTIMIZATION_LEVEL = "-Onone";
				TARGETED_DEVICE_FAMILY = "1,2";
			};
			name = Debug;
		};
		BD918D8E1D2431C500247385 /* Release */ = {
			isa = XCBuildConfiguration;
			buildSettings = {
				ALWAYS_SEARCH_USER_PATHS = NO;
				CLANG_ANALYZER_NONNULL = YES;
				CLANG_CXX_LANGUAGE_STANDARD = "gnu++0x";
				CLANG_CXX_LIBRARY = "libc++";
				CLANG_ENABLE_MODULES = YES;
				CLANG_ENABLE_OBJC_ARC = YES;
				CLANG_WARN_BOOL_CONVERSION = YES;
				CLANG_WARN_CONSTANT_CONVERSION = YES;
				CLANG_WARN_DIRECT_OBJC_ISA_USAGE = YES_ERROR;
				CLANG_WARN_EMPTY_BODY = YES;
				CLANG_WARN_ENUM_CONVERSION = YES;
				CLANG_WARN_INT_CONVERSION = YES;
				CLANG_WARN_OBJC_ROOT_CLASS = YES_ERROR;
				CLANG_WARN_UNREACHABLE_CODE = YES;
				CLANG_WARN__DUPLICATE_METHOD_MATCH = YES;
				"CODE_SIGN_IDENTITY[sdk=iphoneos*]" = "iPhone Developer";
				COPY_PHASE_STRIP = NO;
				DEBUG_INFORMATION_FORMAT = "dwarf-with-dsym";
				ENABLE_NS_ASSERTIONS = NO;
				ENABLE_STRICT_OBJC_MSGSEND = YES;
				GCC_C_LANGUAGE_STANDARD = gnu99;
				GCC_NO_COMMON_BLOCKS = YES;
				GCC_WARN_64_TO_32_BIT_CONVERSION = YES;
				GCC_WARN_ABOUT_RETURN_TYPE = YES_ERROR;
				GCC_WARN_UNDECLARED_SELECTOR = YES;
				GCC_WARN_UNINITIALIZED_AUTOS = YES_AGGRESSIVE;
				GCC_WARN_UNUSED_FUNCTION = YES;
				GCC_WARN_UNUSED_VARIABLE = YES;
				IPHONEOS_DEPLOYMENT_TARGET = 9.3;
				MTL_ENABLE_DEBUG_INFO = NO;
				SDKROOT = iphoneos;
				TARGETED_DEVICE_FAMILY = "1,2";
				VALIDATE_PRODUCT = YES;
			};
			name = Release;
		};
		BD918D901D2431C500247385 /* Debug */ = {
			isa = XCBuildConfiguration;
			buildSettings = {
				ASSETCATALOG_COMPILER_APPICON_NAME = AppIcon;
				CODE_SIGN_IDENTITY = "iPhone Developer";
				"CODE_SIGN_IDENTITY[sdk=iphoneos*]" = "iPhone Developer";
				INFOPLIST_FILE = NYCMuseum/Info.plist;
				LD_RUNPATH_SEARCH_PATHS = "$(inherited) @executable_path/Frameworks";
				PRODUCT_BUNDLE_IDENTIFIER = info.weixia.NYCMuseum;
				PRODUCT_NAME = "$(TARGET_NAME)";
				PROVISIONING_PROFILE = "";
			};
			name = Debug;
		};
		BD918D911D2431C500247385 /* Release */ = {
			isa = XCBuildConfiguration;
			buildSettings = {
				ASSETCATALOG_COMPILER_APPICON_NAME = AppIcon;
				CODE_SIGN_IDENTITY = "iPhone Developer";
				"CODE_SIGN_IDENTITY[sdk=iphoneos*]" = "iPhone Developer";
				INFOPLIST_FILE = NYCMuseum/Info.plist;
				LD_RUNPATH_SEARCH_PATHS = "$(inherited) @executable_path/Frameworks";
				PRODUCT_BUNDLE_IDENTIFIER = info.weixia.NYCMuseum;
				PRODUCT_NAME = "$(TARGET_NAME)";
				PROVISIONING_PROFILE = "";
			};
			name = Release;
		};
/* End XCBuildConfiguration section */

/* Begin XCConfigurationList section */
		BD918D781D2431C500247385 /* Build configuration list for PBXProject "NYCMuseum" */ = {
			isa = XCConfigurationList;
			buildConfigurations = (
				BD918D8D1D2431C500247385 /* Debug */,
				BD918D8E1D2431C500247385 /* Release */,
			);
			defaultConfigurationIsVisible = 0;
			defaultConfigurationName = Release;
		};
		BD918D8F1D2431C500247385 /* Build configuration list for PBXNativeTarget "NYCMuseum" */ = {
			isa = XCConfigurationList;
			buildConfigurations = (
				BD918D901D2431C500247385 /* Debug */,
				BD918D911D2431C500247385 /* Release */,
			);
			defaultConfigurationIsVisible = 0;
			defaultConfigurationName = Release;
		};
/* End XCConfigurationList section */
	};
	rootObject = BD918D751D2431C500247385 /* Project object */;
}
